// !$*UTF8*$!
{
	archiveVersion = 1;
	classes = {
	};
	objectVersion = 55;
	objects = {

/* Begin PBXBuildFile section */
		5698E1F128BA739800DE6FD2 /* PhotoDetail.swift in Sources */ = {isa = PBXBuildFile; fileRef = 5698E1F028BA739800DE6FD2 /* PhotoDetail.swift */; };
		56A60A4128B0D2870073D343 /* PhotoTrackerApp.swift in Sources */ = {isa = PBXBuildFile; fileRef = 56A60A4028B0D2870073D343 /* PhotoTrackerApp.swift */; };
		56A60A4328B0D2870073D343 /* PhotoList.swift in Sources */ = {isa = PBXBuildFile; fileRef = 56A60A4228B0D2870073D343 /* PhotoList.swift */; };
		56A60A4528B0D2880073D343 /* Assets.xcassets in Resources */ = {isa = PBXBuildFile; fileRef = 56A60A4428B0D2880073D343 /* Assets.xcassets */; };
		56A60A4828B0D2880073D343 /* Preview Assets.xcassets in Resources */ = {isa = PBXBuildFile; fileRef = 56A60A4728B0D2880073D343 /* Preview Assets.xcassets */; };
		56A60A6B28B0D2B20073D343 /* LocationPublisher.swift in Sources */ = {isa = PBXBuildFile; fileRef = 56A60A6A28B0D2B20073D343 /* LocationPublisher.swift */; };
		56A60A7128B293020073D343 /* LocationPersistenceController.swift in Sources */ = {isa = PBXBuildFile; fileRef = 56A60A7028B293020073D343 /* LocationPersistenceController.swift */; };
		56A60A7428B2A6720073D343 /* Photo.swift in Sources */ = {isa = PBXBuildFile; fileRef = 56A60A7328B2A6720073D343 /* Photo.swift */; };
		56A60A7828B2A6B00073D343 /* APIClient.swift in Sources */ = {isa = PBXBuildFile; fileRef = 56A60A7728B2A6B00073D343 /* APIClient.swift */; };
		56A60A7A28B2A6CA0073D343 /* DataProvider.swift in Sources */ = {isa = PBXBuildFile; fileRef = 56A60A7928B2A6CA0073D343 /* DataProvider.swift */; };
		56A60A7D28B2A7080073D343 /* FlickrAPI.swift in Sources */ = {isa = PBXBuildFile; fileRef = 56A60A7C28B2A7080073D343 /* FlickrAPI.swift */; };
		56A60A7F28B2A7250073D343 /* FlickrServices.swift in Sources */ = {isa = PBXBuildFile; fileRef = 56A60A7E28B2A7250073D343 /* FlickrServices.swift */; };
		56A60A8228B2A7A30073D343 /* PhotoCard.swift in Sources */ = {isa = PBXBuildFile; fileRef = 56A60A8128B2A7A30073D343 /* PhotoCard.swift */; };
		56A60A8528B2A7E70073D343 /* StatefulView.swift in Sources */ = {isa = PBXBuildFile; fileRef = 56A60A8428B2A7E70073D343 /* StatefulView.swift */; };
		56A60A8A28B2C3980073D343 /* PhotoCardViewModel.swift in Sources */ = {isa = PBXBuildFile; fileRef = 56A60A8928B2C3980073D343 /* PhotoCardViewModel.swift */; };
		56A60A9028B395900073D343 /* PersistenceLocation.swift in Sources */ = {isa = PBXBuildFile; fileRef = 56A60A8F28B395900073D343 /* PersistenceLocation.swift */; };
/* End PBXBuildFile section */

/* Begin PBXFileReference section */
		5698E1F028BA739800DE6FD2 /* PhotoDetail.swift */ = {isa = PBXFileReference; lastKnownFileType = sourcecode.swift; path = PhotoDetail.swift; sourceTree = "<group>"; };
		56A60A3D28B0D2870073D343 /* PhotoTracker.app */ = {isa = PBXFileReference; explicitFileType = wrapper.application; includeInIndex = 0; path = PhotoTracker.app; sourceTree = BUILT_PRODUCTS_DIR; };
		56A60A4028B0D2870073D343 /* PhotoTrackerApp.swift */ = {isa = PBXFileReference; lastKnownFileType = sourcecode.swift; path = PhotoTrackerApp.swift; sourceTree = "<group>"; };
		56A60A4228B0D2870073D343 /* PhotoList.swift */ = {isa = PBXFileReference; lastKnownFileType = sourcecode.swift; path = PhotoList.swift; sourceTree = "<group>"; };
		56A60A4428B0D2880073D343 /* Assets.xcassets */ = {isa = PBXFileReference; lastKnownFileType = folder.assetcatalog; path = Assets.xcassets; sourceTree = "<group>"; };
		56A60A4728B0D2880073D343 /* Preview Assets.xcassets */ = {isa = PBXFileReference; lastKnownFileType = folder.assetcatalog; path = "Preview Assets.xcassets"; sourceTree = "<group>"; };
		56A60A6A28B0D2B20073D343 /* LocationPublisher.swift */ = {isa = PBXFileReference; lastKnownFileType = sourcecode.swift; path = LocationPublisher.swift; sourceTree = "<group>"; };
		56A60A7028B293020073D343 /* LocationPersistenceController.swift */ = {isa = PBXFileReference; lastKnownFileType = sourcecode.swift; path = LocationPersistenceController.swift; sourceTree = "<group>"; };
		56A60A7328B2A6720073D343 /* Photo.swift */ = {isa = PBXFileReference; lastKnownFileType = sourcecode.swift; path = Photo.swift; sourceTree = "<group>"; };
		56A60A7728B2A6B00073D343 /* APIClient.swift */ = {isa = PBXFileReference; lastKnownFileType = sourcecode.swift; path = APIClient.swift; sourceTree = "<group>"; };
		56A60A7928B2A6CA0073D343 /* DataProvider.swift */ = {isa = PBXFileReference; lastKnownFileType = sourcecode.swift; path = DataProvider.swift; sourceTree = "<group>"; };
		56A60A7C28B2A7080073D343 /* FlickrAPI.swift */ = {isa = PBXFileReference; lastKnownFileType = sourcecode.swift; path = FlickrAPI.swift; sourceTree = "<group>"; };
		56A60A7E28B2A7250073D343 /* FlickrServices.swift */ = {isa = PBXFileReference; lastKnownFileType = sourcecode.swift; path = FlickrServices.swift; sourceTree = "<group>"; };
		56A60A8128B2A7A30073D343 /* PhotoCard.swift */ = {isa = PBXFileReference; lastKnownFileType = sourcecode.swift; path = PhotoCard.swift; sourceTree = "<group>"; };
		56A60A8428B2A7E70073D343 /* StatefulView.swift */ = {isa = PBXFileReference; lastKnownFileType = sourcecode.swift; path = StatefulView.swift; sourceTree = "<group>"; };
		56A60A8628B2B1AC0073D343 /* Info.plist */ = {isa = PBXFileReference; lastKnownFileType = text.plist; path = Info.plist; sourceTree = "<group>"; };
		56A60A8928B2C3980073D343 /* PhotoCardViewModel.swift */ = {isa = PBXFileReference; lastKnownFileType = sourcecode.swift; path = PhotoCardViewModel.swift; sourceTree = "<group>"; };
		56A60A8E28B3903A0073D343 /* README.md */ = {isa = PBXFileReference; lastKnownFileType = net.daringfireball.markdown; path = README.md; sourceTree = "<group>"; };
		56A60A8F28B395900073D343 /* PersistenceLocation.swift */ = {isa = PBXFileReference; lastKnownFileType = sourcecode.swift; path = PersistenceLocation.swift; sourceTree = "<group>"; };
/* End PBXFileReference section */

/* Begin PBXFrameworksBuildPhase section */
		56A60A3A28B0D2870073D343 /* Frameworks */ = {
			isa = PBXFrameworksBuildPhase;
			buildActionMask = 2147483647;
			files = (
			);
			runOnlyForDeploymentPostprocessing = 0;
		};
/* End PBXFrameworksBuildPhase section */

/* Begin PBXGroup section */
		56A60A3428B0D2870073D343 = {
			isa = PBXGroup;
			children = (
				56A60A8E28B3903A0073D343 /* README.md */,
				56A60A3F28B0D2870073D343 /* PhotoTracker */,
				56A60A3E28B0D2870073D343 /* Products */,
			);
			sourceTree = "<group>";
		};
		56A60A3E28B0D2870073D343 /* Products */ = {
			isa = PBXGroup;
			children = (
				56A60A3D28B0D2870073D343 /* PhotoTracker.app */,
			);
			name = Products;
			sourceTree = "<group>";
		};
		56A60A3F28B0D2870073D343 /* PhotoTracker */ = {
			isa = PBXGroup;
			children = (
				56A60A8628B2B1AC0073D343 /* Info.plist */,
				56A60A4028B0D2870073D343 /* PhotoTrackerApp.swift */,
				56A60A8328B2A7CD0073D343 /* Utils */,
				56A60A7528B2A6890073D343 /* Services */,
				56A60A7228B2A6680073D343 /* Model */,
				56A60A8028B2A7800073D343 /* Scenes */,
				56A60A4428B0D2880073D343 /* Assets.xcassets */,
				56A60A4628B0D2880073D343 /* Preview Content */,
			);
			path = PhotoTracker;
			sourceTree = "<group>";
		};
		56A60A4628B0D2880073D343 /* Preview Content */ = {
			isa = PBXGroup;
			children = (
				56A60A4728B0D2880073D343 /* Preview Assets.xcassets */,
			);
			path = "Preview Content";
			sourceTree = "<group>";
		};
		56A60A7228B2A6680073D343 /* Model */ = {
			isa = PBXGroup;
			children = (
				56A60A7328B2A6720073D343 /* Photo.swift */,
				56A60A8F28B395900073D343 /* PersistenceLocation.swift */,
			);
			path = Model;
			sourceTree = "<group>";
		};
		56A60A7528B2A6890073D343 /* Services */ = {
			isa = PBXGroup;
			children = (
				56A60A7628B2A68F0073D343 /* Networking */,
				56A60A7028B293020073D343 /* LocationPersistenceController.swift */,
				56A60A6A28B0D2B20073D343 /* LocationPublisher.swift */,
			);
			path = Services;
			sourceTree = "<group>";
		};
		56A60A7628B2A68F0073D343 /* Networking */ = {
			isa = PBXGroup;
			children = (
				56A60A7728B2A6B00073D343 /* APIClient.swift */,
				56A60A7928B2A6CA0073D343 /* DataProvider.swift */,
				56A60A7B28B2A6EF0073D343 /* Flickr API */,
			);
			path = Networking;
			sourceTree = "<group>";
		};
		56A60A7B28B2A6EF0073D343 /* Flickr API */ = {
			isa = PBXGroup;
			children = (
				56A60A7C28B2A7080073D343 /* FlickrAPI.swift */,
				56A60A7E28B2A7250073D343 /* FlickrServices.swift */,
			);
			path = "Flickr API";
			sourceTree = "<group>";
		};
		56A60A8028B2A7800073D343 /* Scenes */ = {
			isa = PBXGroup;
			children = (
				56A60A8828B2C35F0073D343 /* Components */,
				56A60A4228B0D2870073D343 /* PhotoList.swift */,
				5698E1F028BA739800DE6FD2 /* PhotoDetail.swift */,
			);
			path = Scenes;
			sourceTree = "<group>";
		};
		56A60A8328B2A7CD0073D343 /* Utils */ = {
			isa = PBXGroup;
			children = (
				56A60A8428B2A7E70073D343 /* StatefulView.swift */,
			);
			path = Utils;
			sourceTree = "<group>";
		};
		56A60A8828B2C35F0073D343 /* Components */ = {
			isa = PBXGroup;
			children = (
				56A60A8128B2A7A30073D343 /* PhotoCard.swift */,
				56A60A8928B2C3980073D343 /* PhotoCardViewModel.swift */,
			);
			path = Components;
			sourceTree = "<group>";
		};
/* End PBXGroup section */

/* Begin PBXNativeTarget section */
		56A60A3C28B0D2870073D343 /* PhotoTracker */ = {
			isa = PBXNativeTarget;
			buildConfigurationList = 56A60A6128B0D2880073D343 /* Build configuration list for PBXNativeTarget "PhotoTracker" */;
			buildPhases = (
				56A60A3928B0D2870073D343 /* Sources */,
				56A60A3A28B0D2870073D343 /* Frameworks */,
				56A60A3B28B0D2870073D343 /* Resources */,
			);
			buildRules = (
			);
			dependencies = (
			);
			name = PhotoTracker;
			productName = PhotoTracker;
			productReference = 56A60A3D28B0D2870073D343 /* PhotoTracker.app */;
			productType = "com.apple.product-type.application";
		};
/* End PBXNativeTarget section */

/* Begin PBXProject section */
		56A60A3528B0D2870073D343 /* Project object */ = {
			isa = PBXProject;
			attributes = {
				BuildIndependentTargetsInParallel = 1;
				LastSwiftUpdateCheck = 1340;
				LastUpgradeCheck = 1340;
				TargetAttributes = {
					56A60A3C28B0D2870073D343 = {
						CreatedOnToolsVersion = 13.4.1;
					};
				};
			};
			buildConfigurationList = 56A60A3828B0D2870073D343 /* Build configuration list for PBXProject "PhotoTracker" */;
			compatibilityVersion = "Xcode 13.0";
			developmentRegion = en;
			hasScannedForEncodings = 0;
			knownRegions = (
				en,
				Base,
			);
			mainGroup = 56A60A3428B0D2870073D343;
			productRefGroup = 56A60A3E28B0D2870073D343 /* Products */;
			projectDirPath = "";
			projectRoot = "";
			targets = (
				56A60A3C28B0D2870073D343 /* PhotoTracker */,
			);
		};
/* End PBXProject section */

/* Begin PBXResourcesBuildPhase section */
		56A60A3B28B0D2870073D343 /* Resources */ = {
			isa = PBXResourcesBuildPhase;
			buildActionMask = 2147483647;
			files = (
				56A60A4828B0D2880073D343 /* Preview Assets.xcassets in Resources */,
				56A60A4528B0D2880073D343 /* Assets.xcassets in Resources */,
			);
			runOnlyForDeploymentPostprocessing = 0;
		};
/* End PBXResourcesBuildPhase section */

/* Begin PBXSourcesBuildPhase section */
		56A60A3928B0D2870073D343 /* Sources */ = {
			isa = PBXSourcesBuildPhase;
			buildActionMask = 2147483647;
			files = (
				56A60A9028B395900073D343 /* PersistenceLocation.swift in Sources */,
				56A60A7128B293020073D343 /* LocationPersistenceController.swift in Sources */,
				56A60A4328B0D2870073D343 /* PhotoList.swift in Sources */,
				56A60A7F28B2A7250073D343 /* FlickrServices.swift in Sources */,
				56A60A8228B2A7A30073D343 /* PhotoCard.swift in Sources */,
				5698E1F128BA739800DE6FD2 /* PhotoDetail.swift in Sources */,
				56A60A6B28B0D2B20073D343 /* LocationPublisher.swift in Sources */,
				56A60A7A28B2A6CA0073D343 /* DataProvider.swift in Sources */,
				56A60A4128B0D2870073D343 /* PhotoTrackerApp.swift in Sources */,
				56A60A7428B2A6720073D343 /* Photo.swift in Sources */,
				56A60A7828B2A6B00073D343 /* APIClient.swift in Sources */,
				56A60A8528B2A7E70073D343 /* StatefulView.swift in Sources */,
				56A60A7D28B2A7080073D343 /* FlickrAPI.swift in Sources */,
				56A60A8A28B2C3980073D343 /* PhotoCardViewModel.swift in Sources */,
			);
			runOnlyForDeploymentPostprocessing = 0;
		};
/* End PBXSourcesBuildPhase section */

/* Begin XCBuildConfiguration section */
		56A60A5F28B0D2880073D343 /* Debug */ = {
			isa = XCBuildConfiguration;
			buildSettings = {
				ALWAYS_SEARCH_USER_PATHS = NO;
				CLANG_ANALYZER_NONNULL = YES;
				CLANG_ANALYZER_NUMBER_OBJECT_CONVERSION = YES_AGGRESSIVE;
				CLANG_CXX_LANGUAGE_STANDARD = "gnu++17";
				CLANG_ENABLE_MODULES = YES;
				CLANG_ENABLE_OBJC_ARC = YES;
				CLANG_ENABLE_OBJC_WEAK = YES;
				CLANG_WARN_BLOCK_CAPTURE_AUTORELEASING = YES;
				CLANG_WARN_BOOL_CONVERSION = YES;
				CLANG_WARN_COMMA = YES;
				CLANG_WARN_CONSTANT_CONVERSION = YES;
				CLANG_WARN_DEPRECATED_OBJC_IMPLEMENTATIONS = YES;
				CLANG_WARN_DIRECT_OBJC_ISA_USAGE = YES_ERROR;
				CLANG_WARN_DOCUMENTATION_COMMENTS = YES;
				CLANG_WARN_EMPTY_BODY = YES;
				CLANG_WARN_ENUM_CONVERSION = YES;
				CLANG_WARN_INFINITE_RECURSION = YES;
				CLANG_WARN_INT_CONVERSION = YES;
				CLANG_WARN_NON_LITERAL_NULL_CONVERSION = YES;
				CLANG_WARN_OBJC_IMPLICIT_RETAIN_SELF = YES;
				CLANG_WARN_OBJC_LITERAL_CONVERSION = YES;
				CLANG_WARN_OBJC_ROOT_CLASS = YES_ERROR;
				CLANG_WARN_QUOTED_INCLUDE_IN_FRAMEWORK_HEADER = YES;
				CLANG_WARN_RANGE_LOOP_ANALYSIS = YES;
				CLANG_WARN_STRICT_PROTOTYPES = YES;
				CLANG_WARN_SUSPICIOUS_MOVE = YES;
				CLANG_WARN_UNGUARDED_AVAILABILITY = YES_AGGRESSIVE;
				CLANG_WARN_UNREACHABLE_CODE = YES;
				CLANG_WARN__DUPLICATE_METHOD_MATCH = YES;
				COPY_PHASE_STRIP = NO;
				DEBUG_INFORMATION_FORMAT = dwarf;
				ENABLE_STRICT_OBJC_MSGSEND = YES;
				ENABLE_TESTABILITY = YES;
				GCC_C_LANGUAGE_STANDARD = gnu11;
				GCC_DYNAMIC_NO_PIC = NO;
				GCC_NO_COMMON_BLOCKS = YES;
				GCC_OPTIMIZATION_LEVEL = 0;
				GCC_PREPROCESSOR_DEFINITIONS = (
					"DEBUG=1",
					"$(inherited)",
				);
				GCC_WARN_64_TO_32_BIT_CONVERSION = YES;
				GCC_WARN_ABOUT_RETURN_TYPE = YES_ERROR;
				GCC_WARN_UNDECLARED_SELECTOR = YES;
				GCC_WARN_UNINITIALIZED_AUTOS = YES_AGGRESSIVE;
				GCC_WARN_UNUSED_FUNCTION = YES;
				GCC_WARN_UNUSED_VARIABLE = YES;
				IPHONEOS_DEPLOYMENT_TARGET = 15.5;
				MTL_ENABLE_DEBUG_INFO = INCLUDE_SOURCE;
				MTL_FAST_MATH = YES;
				ONLY_ACTIVE_ARCH = YES;
				SDKROOT = iphoneos;
				SWIFT_ACTIVE_COMPILATION_CONDITIONS = DEBUG;
				SWIFT_OPTIMIZATION_LEVEL = "-Onone";
			};
			name = Debug;
		};
		56A60A6028B0D2880073D343 /* Release */ = {
			isa = XCBuildConfiguration;
			buildSettings = {
				ALWAYS_SEARCH_USER_PATHS = NO;
				CLANG_ANALYZER_NONNULL = YES;
				CLANG_ANALYZER_NUMBER_OBJECT_CONVERSION = YES_AGGRESSIVE;
				CLANG_CXX_LANGUAGE_STANDARD = "gnu++17";
				CLANG_ENABLE_MODULES = YES;
				CLANG_ENABLE_OBJC_ARC = YES;
				CLANG_ENABLE_OBJC_WEAK = YES;
				CLANG_WARN_BLOCK_CAPTURE_AUTORELEASING = YES;
				CLANG_WARN_BOOL_CONVERSION = YES;
				CLANG_WARN_COMMA = YES;
				CLANG_WARN_CONSTANT_CONVERSION = YES;
				CLANG_WARN_DEPRECATED_OBJC_IMPLEMENTATIONS = YES;
				CLANG_WARN_DIRECT_OBJC_ISA_USAGE = YES_ERROR;
				CLANG_WARN_DOCUMENTATION_COMMENTS = YES;
				CLANG_WARN_EMPTY_BODY = YES;
				CLANG_WARN_ENUM_CONVERSION = YES;
				CLANG_WARN_INFINITE_RECURSION = YES;
				CLANG_WARN_INT_CONVERSION = YES;
				CLANG_WARN_NON_LITERAL_NULL_CONVERSION = YES;
				CLANG_WARN_OBJC_IMPLICIT_RETAIN_SELF = YES;
				CLANG_WARN_OBJC_LITERAL_CONVERSION = YES;
				CLANG_WARN_OBJC_ROOT_CLASS = YES_ERROR;
				CLANG_WARN_QUOTED_INCLUDE_IN_FRAMEWORK_HEADER = YES;
				CLANG_WARN_RANGE_LOOP_ANALYSIS = YES;
				CLANG_WARN_STRICT_PROTOTYPES = YES;
				CLANG_WARN_SUSPICIOUS_MOVE = YES;
				CLANG_WARN_UNGUARDED_AVAILABILITY = YES_AGGRESSIVE;
				CLANG_WARN_UNREACHABLE_CODE = YES;
				CLANG_WARN__DUPLICATE_METHOD_MATCH = YES;
				COPY_PHASE_STRIP = NO;
				DEBUG_INFORMATION_FORMAT = "dwarf-with-dsym";
				ENABLE_NS_ASSERTIONS = NO;
				ENABLE_STRICT_OBJC_MSGSEND = YES;
				GCC_C_LANGUAGE_STANDARD = gnu11;
				GCC_NO_COMMON_BLOCKS = YES;
				GCC_WARN_64_TO_32_BIT_CONVERSION = YES;
				GCC_WARN_ABOUT_RETURN_TYPE = YES_ERROR;
				GCC_WARN_UNDECLARED_SELECTOR = YES;
				GCC_WARN_UNINITIALIZED_AUTOS = YES_AGGRESSIVE;
				GCC_WARN_UNUSED_FUNCTION = YES;
				GCC_WARN_UNUSED_VARIABLE = YES;
				IPHONEOS_DEPLOYMENT_TARGET = 15.5;
				MTL_ENABLE_DEBUG_INFO = NO;
				MTL_FAST_MATH = YES;
				SDKROOT = iphoneos;
				SWIFT_COMPILATION_MODE = wholemodule;
				SWIFT_OPTIMIZATION_LEVEL = "-O";
				VALIDATE_PRODUCT = YES;
			};
			name = Release;
		};
		56A60A6228B0D2880073D343 /* Debug */ = {
			isa = XCBuildConfiguration;
			buildSettings = {
				ASSETCATALOG_COMPILER_APPICON_NAME = AppIcon;
				ASSETCATALOG_COMPILER_GLOBAL_ACCENT_COLOR_NAME = AccentColor;
				CODE_SIGN_STYLE = Automatic;
				CURRENT_PROJECT_VERSION = 1;
				DEVELOPMENT_ASSET_PATHS = "\"PhotoTracker/Preview Content\"";
				DEVELOPMENT_TEAM = KNSCHND7HB;
				ENABLE_PREVIEWS = YES;
				GENERATE_INFOPLIST_FILE = YES;
				INFOPLIST_FILE = PhotoTracker/Info.plist;
				INFOPLIST_KEY_NSLocationAlwaysAndWhenInUseUsageDescription = "Tracking needed";
				INFOPLIST_KEY_NSLocationAlwaysUsageDescription = "Tracking needed";
				INFOPLIST_KEY_NSLocationWhenInUseUsageDescription = "Tracking needed";
				INFOPLIST_KEY_UIApplicationSceneManifest_Generation = YES;
				INFOPLIST_KEY_UIApplicationSupportsIndirectInputEvents = YES;
				INFOPLIST_KEY_UILaunchScreen_Generation = YES;
				INFOPLIST_KEY_UISupportedInterfaceOrientations_iPad = "UIInterfaceOrientationPortrait UIInterfaceOrientationPortraitUpsideDown UIInterfaceOrientationLandscapeLeft UIInterfaceOrientationLandscapeRight";
				INFOPLIST_KEY_UISupportedInterfaceOrientations_iPhone = "UIInterfaceOrientationPortrait UIInterfaceOrientationLandscapeLeft UIInterfaceOrientationLandscapeRight";
				LD_RUNPATH_SEARCH_PATHS = (
					"$(inherited)",
					"@executable_path/Frameworks",
				);
				MARKETING_VERSION = 1.0;
				PRODUCT_BUNDLE_IDENTIFIER = roberto.garcia.PhotoTracker;
				PRODUCT_NAME = "$(TARGET_NAME)";
				SWIFT_EMIT_LOC_STRINGS = YES;
				SWIFT_VERSION = 5.0;
				TARGETED_DEVICE_FAMILY = "1,2";
			};
			name = Debug;
		};
		56A60A6328B0D2880073D343 /* Release */ = {
			isa = XCBuildConfiguration;
			buildSettings = {
				ASSETCATALOG_COMPILER_APPICON_NAME = AppIcon;
				ASSETCATALOG_COMPILER_GLOBAL_ACCENT_COLOR_NAME = AccentColor;
				CODE_SIGN_STYLE = Automatic;
				CURRENT_PROJECT_VERSION = 1;
				DEVELOPMENT_ASSET_PATHS = "\"PhotoTracker/Preview Content\"";
				DEVELOPMENT_TEAM = KNSCHND7HB;
				ENABLE_PREVIEWS = YES;
				GENERATE_INFOPLIST_FILE = YES;
				INFOPLIST_FILE = PhotoTracker/Info.plist;
				INFOPLIST_KEY_NSLocationAlwaysAndWhenInUseUsageDescription = "Tracking needed";
				INFOPLIST_KEY_NSLocationAlwaysUsageDescription = "Tracking needed";
				INFOPLIST_KEY_NSLocationWhenInUseUsageDescription = "Tracking needed";
				INFOPLIST_KEY_UIApplicationSceneManifest_Generation = YES;
				INFOPLIST_KEY_UIApplicationSupportsIndirectInputEvents = YES;
				INFOPLIST_KEY_UILaunchScreen_Generation = YES;
				INFOPLIST_KEY_UISupportedInterfaceOrientations_iPad = "UIInterfaceOrientationPortrait UIInterfaceOrientationPortraitUpsideDown UIInterfaceOrientationLandscapeLeft UIInterfaceOrientationLandscapeRight";
				INFOPLIST_KEY_UISupportedInterfaceOrientations_iPhone = "UIInterfaceOrientationPortrait UIInterfaceOrientationLandscapeLeft UIInterfaceOrientationLandscapeRight";
				LD_RUNPATH_SEARCH_PATHS = (
					"$(inherited)",
					"@executable_path/Frameworks",
				);
				MARKETING_VERSION = 1.0;
				PRODUCT_BUNDLE_IDENTIFIER = roberto.garcia.PhotoTracker;
				PRODUCT_NAME = "$(TARGET_NAME)";
				SWIFT_EMIT_LOC_STRINGS = YES;
				SWIFT_VERSION = 5.0;
				TARGETED_DEVICE_FAMILY = "1,2";
			};
			name = Release;
		};
/* End XCBuildConfiguration section */

/* Begin XCConfigurationList section */
		56A60A3828B0D2870073D343 /* Build configuration list for PBXProject "PhotoTracker" */ = {
			isa = XCConfigurationList;
			buildConfigurations = (
				56A60A5F28B0D2880073D343 /* Debug */,
				56A60A6028B0D2880073D343 /* Release */,
			);
			defaultConfigurationIsVisible = 0;
			defaultConfigurationName = Release;
		};
		56A60A6128B0D2880073D343 /* Build configuration list for PBXNativeTarget "PhotoTracker" */ = {
			isa = XCConfigurationList;
			buildConfigurations = (
				56A60A6228B0D2880073D343 /* Debug */,
				56A60A6328B0D2880073D343 /* Release */,
			);
			defaultConfigurationIsVisible = 0;
			defaultConfigurationName = Release;
		};
/* End XCConfigurationList section */
	};
	rootObject = 56A60A3528B0D2870073D343 /* Project object */;
}
